
Microsoft Visual Studio Solution File, Format Version 12.00
# Visual Studio Version 17
VisualStudioVersion = 17.5.002.0
MinimumVisualStudioVersion = 10.0.40219.1
Project("{9A19103F-16F7-4668-BE54-9A1E7A4F7556}") = "FunctionChallenges", "FunctionChallenges.csproj", "{C9E80324-DE9E-4EF4-872B-E689BF4158D1}"
EndProject
Global
	GlobalSection(SolutionConfigurationPlatforms) = preSolution
		Debug|Any CPU = Debug|Any CPU
		Release|Any CPU = Release|Any CPU
	EndGlobalSection
	GlobalSection(ProjectConfigurationPlatforms) = postSolution
		{C9E80324-DE9E-4EF4-872B-E689BF4158D1}.Debug|Any CPU.ActiveCfg = Debug|Any CPU
		{C9E80324-DE9E-4EF4-872B-E689BF4158D1}.Debug|Any CPU.Build.0 = Debug|Any CPU
		{C9E80324-DE9E-4EF4-872B-E689BF4158D1}.Release|Any CPU.ActiveCfg = Release|Any CPU
		{C9E80324-DE9E-4EF4-872B-E689BF4158D1}.Release|Any CPU.Build.0 = Release|Any CPU
	EndGlobalSection
	GlobalSection(SolutionProperties) = preSolution
		HideSolutionNode = FALSE
	EndGlobalSection
	GlobalSection(ExtensibilityGlobals) = postSolution
		SolutionGuid = {FDBB355E-3052-4895-AF43-7F3FB8D1FD1E}
	EndGlobalSection
EndGlobal
